<?xml version="1.0" encoding="UTF-8" standalone="yes" ?>
<CodeBlocks_project_file>
	<FileVersion major="1" minor="6" />
	<Project>
		<Option title="baselib" />
		<Option pch_mode="2" />
		<Option compiler="gcc" />
		<Build>
			<Target title="Debug">
				<Option output="libbaselib_d" prefix_auto="1" extension_auto="1" />
				<Option working_dir="" />
				<Option object_output="obj\Debug\" />
				<Option type="2" />
				<Option compiler="gcc" />
				<Option createDefFile="1" />
				<Compiler>
					<Add option="-Wall" />
					<Add option="-g" />
				</Compiler>
			</Target>
			<Target title="Release">
				<Option output="libbaselib" prefix_auto="1" extension_auto="1" />
				<Option working_dir="" />
				<Option object_output="obj\Release\" />
				<Option type="2" />
				<Option compiler="gcc" />
				<Option createDefFile="1" />
				<Compiler>
					<Add option="-O2" />
					<Add option="-DNDEBUG" />
					<Add option="-mno-cygwin" />
					<Add option="-mwindows" />
					<Add option="-DWIN32"  />
					<Add option="-mno-cygwin"/>

				</Compiler>
				<Linker>
					<Add option="-s" />
				</Linker>
			</Target>
		</Build>
		<VirtualTargets>
			<Add alias="all" targets="Debug;Release;" />
		</VirtualTargets>
		<Compiler>
			<Add directory="." />
			<Add directory=".\image\devil\include" />
		</Compiler>
		<Unit filename="TwoPosture.cpp" />
		<Unit filename="TwoPosture.h" />
		<Unit filename="baselib.h" />
		<Unit filename="image\ColorConversion.cpp" />
		<Unit filename="image\ColorConversion.h" />
		<Unit filename="image\DrawChart.cpp" />
		<Unit filename="image\DrawChart.h" />
		<Unit filename="image\Image.cpp" />
		<Unit filename="image\Image.h" />
		<Unit filename="image\ImagePixel.cpp" />
		<Unit filename="image\ImagePixel.h" />
		<Unit filename="image\ImageProcessor.cpp" />
		<Unit filename="image\ImageProcessor.h" />
		<Unit filename="image\Image_new.cpp" />
		<Unit filename="image\imageclass.h" />
		<Unit filename="image\stdimage.h" />
		<Unit filename="leda_deprecated\graph.cpp" />
		<Unit filename="leda_deprecated\graph.h" />
		<Unit filename="math\BSpline.cpp" />
		<Unit filename="math\BSpline.h" />
		<Unit filename="math\DelaunayTriangulation.cpp" />
		<Unit filename="math\DelaunayTriangulation.h" />
		<Unit filename="math\DynamicTimeWarping.cpp" />
		<Unit filename="math\DynamicTimeWarping.h" />
		<Unit filename="math\Filter.cpp" />
		<Unit filename="math\Filter.h" />
		<Unit filename="math\Function.cpp" />
		<Unit filename="math\Function.h" />
		<Unit filename="math\FuzzyCluster.cpp" />
		<Unit filename="math\FuzzyCluster.h" />
		<Unit filename="math\GnuPlot.cpp" />
		<Unit filename="math\GnuPlot.h" />
		<Unit filename="math\Interpolation.cpp" />
		<Unit filename="math\Interpolation.h" />
		<Unit filename="math\LCBInterploator.cpp" />
		<Unit filename="math\LCBInterpolator.h" />
		<Unit filename="math\Metric.cpp" />
		<Unit filename="math\Metric.h" />
		<Unit filename="math\NumericalSpline.cpp" />
		<Unit filename="math\NumericalSpline.h" />
		<Unit filename="math\Operator.cpp" />
		<Unit filename="math\Operator.h" />
		<Unit filename="math\OperatorQuater.cpp" />
		<Unit filename="math\OperatorQuater.h" />
		<Unit filename="math\OperatorSignal.cpp" />
		<Unit filename="math\OperatorSignal.h" />
		<Unit filename="math\OperatorStitch.cpp" />
		<Unit filename="math\OperatorStitch.h" />
		<Unit filename="math\PCA.CPP" />
		<Unit filename="math\PCA.H" />
		<Unit filename="math\SVMWrap.cpp" />
		<Unit filename="math\SVMWrap.h" />
		<Unit filename="math\Tetrahedron.cpp" />
		<Unit filename="math\Tetrahedron.h" />
		<Unit filename="math\analyticSolver.cpp" />
		<Unit filename="math\analyticSolver.h" />
		<Unit filename="math\bitVectorN.cpp" />
		<Unit filename="math\bitVectorN.h" />
		<Unit filename="math\clust\SplitClasses.cpp" />
		<Unit filename="math\clust\alloc_util.cpp" />
		<Unit filename="math\clust\alloc_util.h" />
		<Unit filename="math\clust\classify.cpp" />
		<Unit filename="math\clust\classify_util.cpp" />
		<Unit filename="math\clust\classify_util.h" />
		<Unit filename="math\clust\clust.cpp" />
		<Unit filename="math\clust\clust.h" />
		<Unit filename="math\clust\clust_defs.h" />
		<Unit filename="math\clust\clust_invert.cpp" />
		<Unit filename="math\clust\clust_io.cpp" />
		<Unit filename="math\clust\clust_io.h" />
		<Unit filename="math\clust\clust_util.cpp" />
		<Unit filename="math\clust\clust_util.h" />
		<Unit filename="math\clust\eigen.cpp" />
		<Unit filename="math\clust\invert.cpp" />
		<Unit filename="math\clust\subcluster.cpp" />
		<Unit filename="math\clust\subcluster.h" />
		<Unit filename="math\cluster.cpp" />
		<Unit filename="math\cluster.h" />
		<Unit filename="math\cmplxVectorN.cpp" />
		<Unit filename="math\cmplxVectorN.h" />
		<Unit filename="math\complex.cpp" />
		<Unit filename="math\complex.h" />
		<Unit filename="math\conversion.cpp" />
		<Unit filename="math\conversion.h" />
		<Unit filename="math\dependency_support\gmm.cpp" />
		<Unit filename="math\dependency_support\gmm.h" />
		<Unit filename="math\dependency_support\umfsolver.h" />
		<Unit filename="math\dualQuaternion.cpp" />
		<Unit filename="math\dualQuaternion.h" />
		<Unit filename="math\hyperMatrixN.cpp" />
		<Unit filename="math\hyperMatrixN.h" />
		<Unit filename="math\intMatrixN.h" />
		<Unit filename="math\intVectorN.h" />
		<Unit filename="math\interval.cpp" />
		<Unit filename="math\interval.h" />
		<Unit filename="math\intervalN.cpp" />
		<Unit filename="math\intervalN.h" />
		<Unit filename="math\intervals.cpp" />
		<Unit filename="math\intervals.h" />
		<Unit filename="math\math_macro.h" />
		<Unit filename="math\math_single_precision.h" />
		<Unit filename="math\mathclass.h" />
		<Unit filename="math\matrix.cpp" />
		<Unit filename="math\matrix.h" />
		<Unit filename="math\matrix3.cpp" />
		<Unit filename="math\matrix3.h" />
		<Unit filename="math\matrix_n.cpp" />
		<Unit filename="math\matrix_n.h" />
		<Unit filename="math\matrixnTransposedView.cpp" />
		<Unit filename="math\matrixnTransposedView.h" />
		<Unit filename="math\nr\nr.h" />
		<Unit filename="math\nr\nr_all.cpp" />
		<Unit filename="math\nr\nr_all2.cpp" />
		<Unit filename="math\nr\nrtypes.h" />
		<Unit filename="math\nr\nrtypes_lib.h" />
		<Unit filename="math\nr\nrtypes_nr.h" />
		<Unit filename="math\nr\nrutil.h" />
		<Unit filename="math\nr\nrutil_mtl.h" />
		<Unit filename="math\nr\nrutil_nr.h" />
		<Unit filename="math\nr\nrutil_tnt.h" />
		<Unit filename="math\nr\nrutil_val.h" />
		<Unit filename="math\nr\print_array.h" />
		<Unit filename="math\operatorTemplate.hpp" />
		<Unit filename="math\optimize.h" />
		<Unit filename="math\optimize1.cpp" />
		<Unit filename="math\optimize2.cpp" />
		<Unit filename="math\quater.cpp" />
		<Unit filename="math\quater.h" />
		<Unit filename="math\quaterN.cpp" />
		<Unit filename="math\quaterN.h" />
		<Unit filename="math\smatrixN.cpp" />
		<Unit filename="math\smatrixN.h" />
		<Unit filename="math\statistics.cpp" />
		<Unit filename="math\statistics.h" />
		<Unit filename="math\svm\svm.cpp" />
		<Unit filename="math\svm\svm.h" />
		<Unit filename="math\template_math.h" />
		<Unit filename="math\template_matrix.h" />
		<Unit filename="math\tpros\macopt.cpp" />
		<Unit filename="math\tpros\macopt.h" />
		<Unit filename="math\tpros\mynr.h" />
		<Unit filename="math\tpros\r.h" />
		<Unit filename="math\tpros\rand2.cpp" />
		<Unit filename="math\tpros\rand2.h" />
		<Unit filename="math\tpros\stdafx.cpp" />
		<Unit filename="math\tpros\stdafx.h" />
		<Unit filename="math\tpros\tpros.h" />
		<Unit filename="math\tpros\tpros_lib.cpp" />
		<Unit filename="math\tpros\tpros_nrutil.cpp" />
		<Unit filename="math\tpros\tpros_nrutil.h" />
		<Unit filename="math\traits.h" />
		<Unit filename="math\transf.cpp" />
		<Unit filename="math\transf.h" />
		<Unit filename="math\tvector.cpp" />
		<Unit filename="math\tvector.h" />
		<Unit filename="math\vector.cpp" />
		<Unit filename="math\vector.h" />
		<Unit filename="math\vector3N.cpp" />
		<Unit filename="math\vector3N.h" />
		<Unit filename="math\vector_n.cpp" />
		<Unit filename="math\vector_n.h" />
		<Unit filename="motion\ASFLoader.cpp" />
		<Unit filename="motion\ASFLoader.h" />
		<Unit filename="motion\BVHLoader.cpp" />
		<Unit filename="motion\BVHLoader.h" />
		<Unit filename="motion\Concat.cpp" />
		<Unit filename="motion\Concat.h" />
		<Unit filename="motion\ConstraintMarking.cpp" />
		<Unit filename="motion\ConstraintMarking.h" />
		<Unit filename="motion\FootPrint.cpp" />
		<Unit filename="motion\FootPrint.h" />
		<Unit filename="motion\FullbodyIK.cpp" />
		<Unit filename="motion\FullbodyIK.h" />
		<Unit filename="motion\FullbodyIK_MotionDOF.cpp" />
		<Unit filename="motion\FullbodyIK_MotionDOF.h" />
		<Unit filename="motion\IKSolver.cpp" />
		<Unit filename="motion\IKSolver.h" />
		<Unit filename="motion\IK_sdls\Jacobian.cpp" />
		<Unit filename="motion\IK_sdls\Jacobian.h" />
		<Unit filename="motion\IK_sdls\LinearR2.cpp" />
		<Unit filename="motion\IK_sdls\LinearR2.h" />
		<Unit filename="motion\IK_sdls\LinearR3.cpp" />
		<Unit filename="motion\IK_sdls\LinearR3.h" />
		<Unit filename="motion\IK_sdls\LinearR4.cpp" />
		<Unit filename="motion\IK_sdls\LinearR4.h" />
		<Unit filename="motion\IK_sdls\MathMisc.h" />
		<Unit filename="motion\IK_sdls\MatrixRmn.cpp" />
		<Unit filename="motion\IK_sdls\MatrixRmn.h" />
		<Unit filename="motion\IK_sdls\Misc.cpp" />
		<Unit filename="motion\IK_sdls\Node.cpp" />
		<Unit filename="motion\IK_sdls\Node.h" />
		<Unit filename="motion\IK_sdls\RgbImage.cpp" />
		<Unit filename="motion\IK_sdls\RgbImage.h" />
		<Unit filename="motion\IK_sdls\Spherical.h" />
		<Unit filename="motion\IK_sdls\Tree.cpp" />
		<Unit filename="motion\IK_sdls\Tree.h" />
		<Unit filename="motion\IK_sdls\VectorRn.cpp" />
		<Unit filename="motion\IK_sdls\VectorRn.h" />
		<Unit filename="motion\ModelLoader.cpp" />
		<Unit filename="motion\ModelLoader.h" />
		<Unit filename="motion\Motion.cpp" />
		<Unit filename="motion\Motion.h" />
		<Unit filename="motion\MotionAnalysis.cpp" />
		<Unit filename="motion\MotionAnalysis.h" />
		<Unit filename="motion\MotionDOF.cpp" />
		<Unit filename="motion\MotionDOF.h" />
		<Unit filename="motion\MotionLoader.cpp" />
		<Unit filename="motion\MotionLoader.h" />
		<Unit filename="motion\MotionRetarget.cpp" />
		<Unit filename="motion\MotionRetarget.h" />
		<Unit filename="motion\MotionUtil.cpp" />
		<Unit filename="motion\MotionUtil.h" />
		<Unit filename="motion\MotionUtilSkeleton.cpp" />
		<Unit filename="motion\MotionUtilSkeleton.h" />
		<Unit filename="motion\MotionUtilTwo.cpp" />
		<Unit filename="motion\MotionUtilTwo.h" />
		<Unit filename="motion\OnlinePath2D.cpp" />
		<Unit filename="motion\OnlinePath2D.h" />
		<Unit filename="motion\Path2D.cpp" />
		<Unit filename="motion\Path2D.h" />
		<Unit filename="motion\Retarget.cpp" />
		<Unit filename="motion\Retarget.h" />
		<Unit filename="motion\Retarget_JH\ConvertMotionToPmQm.h" />
		<Unit filename="motion\Retarget_JH\MATHCLASS\box.h" />
		<Unit filename="motion\Retarget_JH\MATHCLASS\complex.h" />
		<Unit filename="motion\Retarget_JH\MATHCLASS\interval.h" />
		<Unit filename="motion\Retarget_JH\MATHCLASS\math_macro.h" />
		<Unit filename="motion\Retarget_JH\MATHCLASS\mathclass.h" />
		<Unit filename="motion\Retarget_JH\MATHCLASS\matrix.h" />
		<Unit filename="motion\Retarget_JH\MATHCLASS\matrixN.h" />
		<Unit filename="motion\Retarget_JH\MATHCLASS\optimize.h" />
		<Unit filename="motion\Retarget_JH\MATHCLASS\point2.h" />
		<Unit filename="motion\Retarget_JH\MATHCLASS\point3.h" />
		<Unit filename="motion\Retarget_JH\MATHCLASS\position.h" />
		<Unit filename="motion\Retarget_JH\MATHCLASS\quater.h" />
		<Unit filename="motion\Retarget_JH\MATHCLASS\smatrixN.h" />
		<Unit filename="motion\Retarget_JH\MATHCLASS\transf.h" />
		<Unit filename="motion\Retarget_JH\MATHCLASS\transq.h" />
		<Unit filename="motion\Retarget_JH\MATHCLASS\unit_vector.h" />
		<Unit filename="motion\Retarget_JH\MATHCLASS\vector.h" />
		<Unit filename="motion\Retarget_JH\MATHCLASS\vectorN.h" />
		<Unit filename="motion\Retarget_JH\PmQm\pm.h" />
		<Unit filename="motion\Retarget_JH\PmQm\pmConstraint.h" />
		<Unit filename="motion\Retarget_JH\PmQm\pmHuman.h" />
		<Unit filename="motion\Retarget_JH\PmQm\pmLinearMotion.h" />
		<Unit filename="motion\Retarget_JH\PmQm\pmMRmotion.h" />
		<Unit filename="motion\Retarget_JH\PmQm\pmMask.h" />
		<Unit filename="motion\Retarget_JH\PmQm\pmMotion.h" />
		<Unit filename="motion\Retarget_JH\PmQm\pmPosture.h" />
		<Unit filename="motion\Retarget_JH\PmQm\pmVariables.h" />
		<Unit filename="motion\Retarget_JH\PmQm\pmVector.h" />
		<Unit filename="motion\Retarget_JH\PmQm\pmVectorArray.h" />
		<Unit filename="motion\Retarget_JH\PmQm\qmApproximate.h" />
		<Unit filename="motion\Retarget_JH\PmQm\qmAxialHS.h" />
		<Unit filename="motion\Retarget_JH\PmQm\qmComplex.h" />
		<Unit filename="motion\Retarget_JH\PmQm\qmConicHS.h" />
		<Unit filename="motion\Retarget_JH\PmQm\qmFilter.h" />
		<Unit filename="motion\Retarget_JH\PmQm\qmGeodesic.h" />
		<Unit filename="motion\Retarget_JH\PmQm\qmHalfspace.h" />
		<Unit filename="motion\Retarget_JH\PmQm\qmPolygon2D.h" />
		<Unit filename="motion\Retarget_JH\PmQm\qmSphericalHS.h" />
		<Unit filename="motion\Retarget_JH\PmQm\qmSubdivide.h" />
		<Unit filename="motion\Retarget_JH\Retarget_JH.h" />
		<Unit filename="motion\Retarget_JH\stdafx.h" />
		<Unit filename="motion\Stitch.cpp" />
		<Unit filename="motion\Stitch.h" />
		<Unit filename="motion\TRCLoader.cpp" />
		<Unit filename="motion\TRCLoader.h" />
		<Unit filename="motion\TransitionCost.cpp" />
		<Unit filename="motion\TransitionCost.h" />
		<Unit filename="motion\VRMLexporter.cpp" />
		<Unit filename="motion\VRMLexporter.h" />
		<Unit filename="motion\motionclass.h" />
		<Unit filename="motion\my.h" />
		<Unit filename="motion\node.cpp" />
		<Unit filename="motion\node.h" />
		<Unit filename="motion\nodestack.cpp" />
		<Unit filename="motion\nodestack.h" />
		<Unit filename="motion\postureip.cpp" />
		<Unit filename="motion\postureip.h" />
		<Unit filename="motion\version.cpp" />
		<Unit filename="motion\version.h" />
		<Unit filename="motion\viewpoint.cpp" />
		<Unit filename="motion\viewpoint.h" />
		<Unit filename="resource.h" />
		<Unit filename="stdafx.cpp" />
		<Unit filename="stdafx.h">
			<Option compile="1" />
		</Unit>
		<Unit filename="utility\GArray.cpp" />
		<Unit filename="utility\GArray.h" />
		<Unit filename="utility\NameTable.cpp" />
		<Unit filename="utility\NameTable.h" />
		<Unit filename="utility\Parser.cpp" />
		<Unit filename="utility\Parser.h" />
		<Unit filename="utility\QPerformanceTimer.h" />
		<Unit filename="utility\TArray.h" />
		<Unit filename="utility\TGL.cpp" />
		<Unit filename="utility\TGL.h" />
		<Unit filename="utility\TList.h" />
		<Unit filename="utility\TMatrix.h" />
		<Unit filename="utility\TNamedMap.cpp" />
		<Unit filename="utility\TNamedMap.h" />
		<Unit filename="utility\TOnlineArray.cpp" />
		<Unit filename="utility\TOnlineArray.h" />
		<Unit filename="utility\TRefArray.cpp" />
		<Unit filename="utility\TRefArray.h" />
		<Unit filename="utility\TTable.cpp" />
		<Unit filename="utility\TTable.h" />
		<Unit filename="utility\TUGL.cpp" />
		<Unit filename="utility\TUGL.h" />
		<Unit filename="utility\TVector.h" />
		<Unit filename="utility\TWord.cpp" />
		<Unit filename="utility\TWord.h" />
		<Unit filename="utility\TextFile.cpp" />
		<Unit filename="utility\TextFile.h" />
		<Unit filename="utility\ThreadStub.h" />
		<Unit filename="utility\TypeString.cpp" />
		<Unit filename="utility\TypeString.h" />
		<Unit filename="utility\checkPoints.cpp" />
		<Unit filename="utility\checkPoints.h" />
		<Unit filename="utility\configtable.cpp" />
		<Unit filename="utility\configtable.h" />
		<Unit filename="utility\namedmapsupport.h" />
		<Unit filename="utility\operatorString.cpp" />
		<Unit filename="utility\operatorString.h" />
		<Unit filename="utility\scoped_ptr.h" />
		<Unit filename="utility\stdtemplate.h" />
		<Unit filename="utility\tfile.cpp" />
		<Unit filename="utility\tfile.h" />
		<Unit filename="utility\tugl_impl.h" />
		<Unit filename="utility\util.cpp" />
		<Unit filename="utility\util.h" />
		<Unit filename="utility\winerr.h" />
		<Extensions>
			<code_completion />
			<debugger />
		</Extensions>
	</Project>
</CodeBlocks_project_file>
